
Microsoft Visual Studio Solution File, Format Version 12.00
# Visual Studio Version 17
VisualStudioVersion = 17.0.31903.59
MinimumVisualStudioVersion = 10.0.40219.1
Project("{2150E333-8FDC-42A3-9474-1A3956D46DE8}") = "src", "src", "{3E855733-6AB8-4F33-BB3C-019B7CF5F42C}"
EndProject
Project("{FAE04EC0-301F-11D3-BF4B-00C04F79EFBC}") = "Websocket", "src\Websocket\Websocket.csproj", "{423D4EE5-F875-4C9C-8128-0AFF89F0F1AF}"
EndProject
Project("{FAE04EC0-301F-11D3-BF4B-00C04F79EFBC}") = "Client", "src\Client\Client.csproj", "{17A09A10-09E5-4BBD-81C0-5968DF673C6E}"
EndProject
Project("{FAE04EC0-301F-11D3-BF4B-00C04F79EFBC}") = "Console", "src\Console\Console.csproj", "{95805C9E-D57C-469C-8C4A-CD7004E8BF0F}"
EndProject
Project("{FAE04EC0-301F-11D3-BF4B-00C04F79EFBC}") = "Webapi", "src\Webapi\Webapi.csproj", "{6DFF0E16-54D2-4F9E-B80D-9E2CEE6BEBCB}"
EndProject
Project("{FAE04EC0-301F-11D3-BF4B-00C04F79EFBC}") = "Common", "src\Common\Common.csproj", "{90B14C3E-357D-4334-8423-91627B2C559A}"
EndProject
Project("{FAE04EC0-301F-11D3-BF4B-00C04F79EFBC}") = "Workerkafka", "src\Workerkafka\Workerkafka.csproj", "{53D459FE-7D0E-4C42-8B5A-AF52C4701522}"
EndProject
Global
	GlobalSection(SolutionConfigurationPlatforms) = preSolution
		Debug|Any CPU = Debug|Any CPU
		Release|Any CPU = Release|Any CPU
	EndGlobalSection
	GlobalSection(SolutionProperties) = preSolution
		HideSolutionNode = FALSE
	EndGlobalSection
	GlobalSection(ProjectConfigurationPlatforms) = postSolution
		{423D4EE5-F875-4C9C-8128-0AFF89F0F1AF}.Debug|Any CPU.ActiveCfg = Debug|Any CPU
		{423D4EE5-F875-4C9C-8128-0AFF89F0F1AF}.Debug|Any CPU.Build.0 = Debug|Any CPU
		{423D4EE5-F875-4C9C-8128-0AFF89F0F1AF}.Release|Any CPU.ActiveCfg = Release|Any CPU
		{423D4EE5-F875-4C9C-8128-0AFF89F0F1AF}.Release|Any CPU.Build.0 = Release|Any CPU
		{17A09A10-09E5-4BBD-81C0-5968DF673C6E}.Debug|Any CPU.ActiveCfg = Debug|Any CPU
		{17A09A10-09E5-4BBD-81C0-5968DF673C6E}.Debug|Any CPU.Build.0 = Debug|Any CPU
		{17A09A10-09E5-4BBD-81C0-5968DF673C6E}.Release|Any CPU.ActiveCfg = Release|Any CPU
		{17A09A10-09E5-4BBD-81C0-5968DF673C6E}.Release|Any CPU.Build.0 = Release|Any CPU
		{95805C9E-D57C-469C-8C4A-CD7004E8BF0F}.Debug|Any CPU.ActiveCfg = Debug|Any CPU
		{95805C9E-D57C-469C-8C4A-CD7004E8BF0F}.Debug|Any CPU.Build.0 = Debug|Any CPU
		{95805C9E-D57C-469C-8C4A-CD7004E8BF0F}.Release|Any CPU.ActiveCfg = Release|Any CPU
		{95805C9E-D57C-469C-8C4A-CD7004E8BF0F}.Release|Any CPU.Build.0 = Release|Any CPU
		{6DFF0E16-54D2-4F9E-B80D-9E2CEE6BEBCB}.Debug|Any CPU.ActiveCfg = Debug|Any CPU
		{6DFF0E16-54D2-4F9E-B80D-9E2CEE6BEBCB}.Debug|Any CPU.Build.0 = Debug|Any CPU
		{6DFF0E16-54D2-4F9E-B80D-9E2CEE6BEBCB}.Release|Any CPU.ActiveCfg = Release|Any CPU
		{6DFF0E16-54D2-4F9E-B80D-9E2CEE6BEBCB}.Release|Any CPU.Build.0 = Release|Any CPU
		{90B14C3E-357D-4334-8423-91627B2C559A}.Debug|Any CPU.ActiveCfg = Debug|Any CPU
		{90B14C3E-357D-4334-8423-91627B2C559A}.Debug|Any CPU.Build.0 = Debug|Any CPU
		{90B14C3E-357D-4334-8423-91627B2C559A}.Release|Any CPU.ActiveCfg = Release|Any CPU
		{90B14C3E-357D-4334-8423-91627B2C559A}.Release|Any CPU.Build.0 = Release|Any CPU
		{53D459FE-7D0E-4C42-8B5A-AF52C4701522}.Debug|Any CPU.ActiveCfg = Debug|Any CPU
		{53D459FE-7D0E-4C42-8B5A-AF52C4701522}.Debug|Any CPU.Build.0 = Debug|Any CPU
		{53D459FE-7D0E-4C42-8B5A-AF52C4701522}.Release|Any CPU.ActiveCfg = Release|Any CPU
		{53D459FE-7D0E-4C42-8B5A-AF52C4701522}.Release|Any CPU.Build.0 = Release|Any CPU
	EndGlobalSection
	GlobalSection(NestedProjects) = preSolution
		{423D4EE5-F875-4C9C-8128-0AFF89F0F1AF} = {3E855733-6AB8-4F33-BB3C-019B7CF5F42C}
		{17A09A10-09E5-4BBD-81C0-5968DF673C6E} = {3E855733-6AB8-4F33-BB3C-019B7CF5F42C}
		{95805C9E-D57C-469C-8C4A-CD7004E8BF0F} = {3E855733-6AB8-4F33-BB3C-019B7CF5F42C}
		{6DFF0E16-54D2-4F9E-B80D-9E2CEE6BEBCB} = {3E855733-6AB8-4F33-BB3C-019B7CF5F42C}
		{90B14C3E-357D-4334-8423-91627B2C559A} = {3E855733-6AB8-4F33-BB3C-019B7CF5F42C}
		{53D459FE-7D0E-4C42-8B5A-AF52C4701522} = {3E855733-6AB8-4F33-BB3C-019B7CF5F42C}
	EndGlobalSection
EndGlobal
